
Microsoft Visual Studio Solution File, Format Version 12.00
# Visual Studio Version 17
VisualStudioVersion = 17.12.35506.116 d17.12
MinimumVisualStudioVersion = 10.0.40219.1
Project("{FAE04EC0-301F-11D3-BF4B-00C04F79EFBC}") = "WebApplication2", "WebApplication2\WebApplication2.csproj", "{E05C7BA9-8FB5-4D18-962D-85BD509E2F6B}"
EndProject
Global
	GlobalSection(SolutionConfigurationPlatforms) = preSolution
		Debug|Any CPU = Debug|Any CPU
		Release|Any CPU = Release|Any CPU
	EndGlobalSection
	GlobalSection(ProjectConfigurationPlatforms) = postSolution
		{E05C7BA9-8FB5-4D18-962D-85BD509E2F6B}.Debug|Any CPU.ActiveCfg = Debug|Any CPU
		{E05C7BA9-8FB5-4D18-962D-85BD509E2F6B}.Debug|Any CPU.Build.0 = Debug|Any CPU
		{E05C7BA9-8FB5-4D18-962D-85BD509E2F6B}.Release|Any CPU.ActiveCfg = Release|Any CPU
		{E05C7BA9-8FB5-4D18-962D-85BD509E2F6B}.Release|Any CPU.Build.0 = Release|Any CPU
	EndGlobalSection
	GlobalSection(SolutionProperties) = preSolution
		HideSolutionNode = FALSE
	EndGlobalSection
EndGlobal
